
Microsoft Visual Studio Solution File, Format Version 12.00
# Visual Studio Version 17
VisualStudioVersion = 17.2.32519.379
MinimumVisualStudioVersion = 10.0.40219.1
Project("{888888A0-9F3D-457C-B088-3A5042F75D52}") = "Lihtse_funktsioonid", "Lihtse_funktsioonid.pyproj", "{3CE91F5A-A521-4ECB-8065-02114B428C7C}"
EndProject
Global
	GlobalSection(SolutionConfigurationPlatforms) = preSolution
		Debug|Any CPU = Debug|Any CPU
		Release|Any CPU = Release|Any CPU
	EndGlobalSection
	GlobalSection(ProjectConfigurationPlatforms) = postSolution
		{3CE91F5A-A521-4ECB-8065-02114B428C7C}.Debug|Any CPU.ActiveCfg = Debug|Any CPU
		{3CE91F5A-A521-4ECB-8065-02114B428C7C}.Release|Any CPU.ActiveCfg = Release|Any CPU
	EndGlobalSection
	GlobalSection(SolutionProperties) = preSolution
		HideSolutionNode = FALSE
	EndGlobalSection
	GlobalSection(ExtensibilityGlobals) = postSolution
		SolutionGuid = {748C05CA-FEAC-4487-95E8-EAA4E6FBAC47}
	EndGlobalSection
EndGlobal
